{
  "name": "nf-core-chipseq",
  "lockfileVersion": 2,
  "requires": true,
  "packages": {
    "": {
      "devDependencies": {
        "prettier": "npm:undefined@*"
      }
    },
    "node_modules/prettier": {
      "dev": true
    }
  },
  "dependencies": {
    "prettier": {
      "dev": true
    }
  }
}
